
Microsoft Visual Studio Solution File, Format Version 12.00
# Visual Studio 15
VisualStudioVersion = 15.0.26730.16
MinimumVisualStudioVersion = 10.0.40219.1
Project("{8BC9CEB8-8B4A-11D0-8D11-00A0C91BC942}") = "OpenGLES2.NativeActivity", "OpenGLES2.NativeActivity\OpenGLES2.NativeActivity.vcxproj", "{34664D69-BA93-4F62-9E50-F2DE52B1314F}"
EndProject
Project("{39E2626F-3545-4960-A6E8-258AD8476CE5}") = "OpenGLES2.Packaging", "OpenGLES2.Packaging\OpenGLES2.Packaging.androidproj", "{0116C8DA-94AC-4E6D-AE6A-60FC5EBF4A04}"
EndProject
Global
	GlobalSection(SolutionConfigurationPlatforms) = preSolution
		Debug|ARM = Debug|ARM
		Debug|ARM64 = Debug|ARM64
		Debug|x64 = Debug|x64
		Debug|x86 = Debug|x86
		Release|ARM = Release|ARM
		Release|ARM64 = Release|ARM64
		Release|x64 = Release|x64
		Release|x86 = Release|x86
	EndGlobalSection
	GlobalSection(ProjectConfigurationPlatforms) = postSolution
		{34664D69-BA93-4F62-9E50-F2DE52B1314F}.Debug|ARM.ActiveCfg = Debug|ARM
		{34664D69-BA93-4F62-9E50-F2DE52B1314F}.Debug|ARM.Build.0 = Debug|ARM
		{34664D69-BA93-4F62-9E50-F2DE52B1314F}.Debug|ARM64.ActiveCfg = Debug|ARM64
		{34664D69-BA93-4F62-9E50-F2DE52B1314F}.Debug|ARM64.Build.0 = Debug|ARM64
		{34664D69-BA93-4F62-9E50-F2DE52B1314F}.Debug|x64.ActiveCfg = Debug|x64
		{34664D69-BA93-4F62-9E50-F2DE52B1314F}.Debug|x64.Build.0 = Debug|x64
		{34664D69-BA93-4F62-9E50-F2DE52B1314F}.Debug|x86.ActiveCfg = Debug|x86
		{34664D69-BA93-4F62-9E50-F2DE52B1314F}.Debug|x86.Build.0 = Debug|x86
		{34664D69-BA93-4F62-9E50-F2DE52B1314F}.Release|ARM.ActiveCfg = Release|ARM
		{34664D69-BA93-4F62-9E50-F2DE52B1314F}.Release|ARM.Build.0 = Release|ARM
		{34664D69-BA93-4F62-9E50-F2DE52B1314F}.Release|ARM64.ActiveCfg = Release|ARM64
		{34664D69-BA93-4F62-9E50-F2DE52B1314F}.Release|ARM64.Build.0 = Release|ARM64
		{34664D69-BA93-4F62-9E50-F2DE52B1314F}.Release|x64.ActiveCfg = Release|x64
		{34664D69-BA93-4F62-9E50-F2DE52B1314F}.Release|x64.Build.0 = Release|x64
		{34664D69-BA93-4F62-9E50-F2DE52B1314F}.Release|x86.ActiveCfg = Release|x86
		{34664D69-BA93-4F62-9E50-F2DE52B1314F}.Release|x86.Build.0 = Release|x86
		{0116C8DA-94AC-4E6D-AE6A-60FC5EBF4A04}.Debug|ARM.ActiveCfg = Debug|ARM
		{0116C8DA-94AC-4E6D-AE6A-60FC5EBF4A04}.Debug|ARM.Build.0 = Debug|ARM
		{0116C8DA-94AC-4E6D-AE6A-60FC5EBF4A04}.Debug|ARM.Deploy.0 = Debug|ARM
		{0116C8DA-94AC-4E6D-AE6A-60FC5EBF4A04}.Debug|ARM64.ActiveCfg = Debug|ARM64
		{0116C8DA-94AC-4E6D-AE6A-60FC5EBF4A04}.Debug|ARM64.Build.0 = Debug|ARM64
		{0116C8DA-94AC-4E6D-AE6A-60FC5EBF4A04}.Debug|ARM64.Deploy.0 = Debug|ARM64
		{0116C8DA-94AC-4E6D-AE6A-60FC5EBF4A04}.Debug|x64.ActiveCfg = Debug|x64
		{0116C8DA-94AC-4E6D-AE6A-60FC5EBF4A04}.Debug|x64.Build.0 = Debug|x64
		{0116C8DA-94AC-4E6D-AE6A-60FC5EBF4A04}.Debug|x64.Deploy.0 = Debug|x64
		{0116C8DA-94AC-4E6D-AE6A-60FC5EBF4A04}.Debug|x86.ActiveCfg = Debug|x86
		{0116C8DA-94AC-4E6D-AE6A-60FC5EBF4A04}.Debug|x86.Build.0 = Debug|x86
		{0116C8DA-94AC-4E6D-AE6A-60FC5EBF4A04}.Debug|x86.Deploy.0 = Debug|x86
		{0116C8DA-94AC-4E6D-AE6A-60FC5EBF4A04}.Release|ARM.ActiveCfg = Release|ARM
		{0116C8DA-94AC-4E6D-AE6A-60FC5EBF4A04}.Release|ARM.Build.0 = Release|ARM
		{0116C8DA-94AC-4E6D-AE6A-60FC5EBF4A04}.Release|ARM.Deploy.0 = Release|ARM
		{0116C8DA-94AC-4E6D-AE6A-60FC5EBF4A04}.Release|ARM64.ActiveCfg = Release|ARM64
		{0116C8DA-94AC-4E6D-AE6A-60FC5EBF4A04}.Release|ARM64.Build.0 = Release|ARM64
		{0116C8DA-94AC-4E6D-AE6A-60FC5EBF4A04}.Release|ARM64.Deploy.0 = Release|ARM64
		{0116C8DA-94AC-4E6D-AE6A-60FC5EBF4A04}.Release|x64.ActiveCfg = Release|x64
		{0116C8DA-94AC-4E6D-AE6A-60FC5EBF4A04}.Release|x64.Build.0 = Release|x64
		{0116C8DA-94AC-4E6D-AE6A-60FC5EBF4A04}.Release|x64.Deploy.0 = Release|x64
		{0116C8DA-94AC-4E6D-AE6A-60FC5EBF4A04}.Release|x86.ActiveCfg = Release|x86
		{0116C8DA-94AC-4E6D-AE6A-60FC5EBF4A04}.Release|x86.Build.0 = Release|x86
		{0116C8DA-94AC-4E6D-AE6A-60FC5EBF4A04}.Release|x86.Deploy.0 = Release|x86
	EndGlobalSection
	GlobalSection(SolutionProperties) = preSolution
		HideSolutionNode = FALSE
	EndGlobalSection
	GlobalSection(ExtensibilityGlobals) = postSolution
		SolutionGuid = {E7FAC4AF-A23C-45A1-8FB2-0166F09EEDBF}
	EndGlobalSection
	GlobalSection(TeamFoundationVersionControl) = preSolution
		SccNumberOfProjects = 3
		SccEnterpriseProvider = {4CA58AB2-18FA-4F8D-95D4-32DDF27D184C}
		SccTeamFoundationServer = https://schmerzmittel.visualstudio.com/
		SccLocalPath0 = .
		SccProjectUniqueName1 = OpenGLES2.NativeActivity\\OpenGLES2.NativeActivity.vcxproj
		SccProjectName1 = OpenGLES2.NativeActivity
		SccLocalPath1 = OpenGLES2.NativeActivity
		SccProjectUniqueName2 = OpenGLES2.Packaging\\OpenGLES2.Packaging.androidproj
		SccProjectName2 = OpenGLES2.Packaging
		SccLocalPath2 = OpenGLES2.Packaging
	EndGlobalSection
EndGlobal
